
Microsoft Visual Studio Solution File, Format Version 12.00
# Visual Studio Version 16
VisualStudioVersion = 16.0.32802.440
MinimumVisualStudioVersion = 10.0.40219.1
Project("{FAE04EC0-301F-11D3-BF4B-00C04F79EFBC}") = "BadeTidsSystemet", "BadeTidsSystemet\BadeTidsSystemet.csproj", "{B6BD0C54-F89A-48B4-916B-4CF1F85ED624}"
EndProject
Global
	GlobalSection(SolutionConfigurationPlatforms) = preSolution
		Debug|Any CPU = Debug|Any CPU
		Release|Any CPU = Release|Any CPU
	EndGlobalSection
	GlobalSection(ProjectConfigurationPlatforms) = postSolution
		{B6BD0C54-F89A-48B4-916B-4CF1F85ED624}.Debug|Any CPU.ActiveCfg = Debug|Any CPU
		{B6BD0C54-F89A-48B4-916B-4CF1F85ED624}.Debug|Any CPU.Build.0 = Debug|Any CPU
		{B6BD0C54-F89A-48B4-916B-4CF1F85ED624}.Release|Any CPU.ActiveCfg = Release|Any CPU
		{B6BD0C54-F89A-48B4-916B-4CF1F85ED624}.Release|Any CPU.Build.0 = Release|Any CPU
	EndGlobalSection
	GlobalSection(SolutionProperties) = preSolution
		HideSolutionNode = FALSE
	EndGlobalSection
	GlobalSection(ExtensibilityGlobals) = postSolution
		SolutionGuid = {DB5465EC-E062-416F-A1C3-684B820D5DCB}
	EndGlobalSection
EndGlobal
